# THIS IS AN AUTOGENERATED FILE. DO NOT EDIT THIS FILE DIRECTLY.
# yarn lockfile v1


"@ids-core/breakpoint@14.8.6":
  version "14.8.6"
  resolved "https://pkgs.dev.azure.com/if-it/40e35854-e791-490e-bec8-da33c65c3187/_packaging/if-design-system/npm/registry/@ids-core/breakpoint/-/breakpoint-14.8.6.tgz#73ce6a1a9f348aa784a7964a34052579708ae392"
  integrity sha1-c85qGp80iqeEp5ZKNAUleXCK45I=

"@ids-core/breakpoint@^14.29.10":
  version "14.29.10"
  resolved "https://pkgs.dev.azure.com/if-it/40e35854-e791-490e-bec8-da33c65c3187/_packaging/if-design-system/npm/registry/@ids-core/breakpoint/-/breakpoint-14.29.10.tgz#850935b25ec4ef77a3d87abd204b8748caa30e38"
  integrity sha1-hQk1sl7E73ej2Hq9IEuHSMqjDjg=

"@ids-core/button@^14.29.10":
  version "14.29.10"
  resolved "https://pkgs.dev.azure.com/if-it/40e35854-e791-490e-bec8-da33c65c3187/_packaging/if-design-system/npm/registry/@ids-core/button/-/button-14.29.10.tgz#a3da048f1c04fbca75d665f8cccb280b77cc3547"
  integrity sha1-o9oEjxwE+8p11mX4zMsoC3fMNUc=
  dependencies:
    "@ids-core/breakpoint" "^14.29.10"
    "@ids-core/color" "^14.29.10"
    "@ids-core/core" "^14.29.10"
    "@ids-core/icons" "^14.29.10"
    "@ids-core/typography" "^14.29.10"
    "@ids-core/utils" "^14.29.10"

"@ids-core/color@14.8.6":
  version "14.8.6"
  resolved "https://pkgs.dev.azure.com/if-it/40e35854-e791-490e-bec8-da33c65c3187/_packaging/if-design-system/npm/registry/@ids-core/color/-/color-14.8.6.tgz#7d3c9bc9c860c4b4cf3fab78e225bdaa8db9091e"
  integrity sha1-fTybychgxLTPP6t44iW9qo25CR4=

"@ids-core/color@^14.29.10":
  version "14.29.10"
  resolved "https://pkgs.dev.azure.com/if-it/40e35854-e791-490e-bec8-da33c65c3187/_packaging/if-design-system/npm/registry/@ids-core/color/-/color-14.29.10.tgz#d1f599a88a43125b481b268b72f7f36e0252899f"
  integrity sha1-0fWZqIpDEltIGyaLcvfzbgJSiZ8=

"@ids-core/core@^14.29.10":
  version "14.29.10"
  resolved "https://pkgs.dev.azure.com/if-it/40e35854-e791-490e-bec8-da33c65c3187/_packaging/if-design-system/npm/registry/@ids-core/core/-/core-14.29.10.tgz#73d6437e3a4e67461622cadfbd0004bbb5333592"
  integrity sha1-c9ZDfjpOZ0YWIsrfvQAEu7UzNZI=
  dependencies:
    "@ids-core/breakpoint" "^14.29.10"
    "@ids-core/color" "^14.29.10"
    "@ids-core/icons" "^14.29.10"
    "@ids-core/section" "^14.29.10"
    "@ids-core/typography" "^14.29.10"
    "@ids-core/utils" "^14.29.10"

"@ids-core/icons@14.8.6":
  version "14.8.6"
  resolved "https://pkgs.dev.azure.com/if-it/40e35854-e791-490e-bec8-da33c65c3187/_packaging/if-design-system/npm/registry/@ids-core/icons/-/icons-14.8.6.tgz#fde95e50baaa7879c732d6f9c58852a9497060c9"
  integrity sha1-/eleULqqeHnHMtb5xYhSqUlwYMk=
  dependencies:
    "@ids-core/color" "14.8.6"
    "@ids-core/utils" "14.8.6"

"@ids-core/icons@^14.29.10":
  version "14.29.10"
  resolved "https://pkgs.dev.azure.com/if-it/40e35854-e791-490e-bec8-da33c65c3187/_packaging/if-design-system/npm/registry/@ids-core/icons/-/icons-14.29.10.tgz#e4c80a5f7f9174a45b9a7e4cd37cd4bd32ae6e9f"
  integrity sha1-5MgKX3+RdKRbmn5M03zUvTKubp8=
  dependencies:
    "@ids-core/color" "^14.29.10"
    "@ids-core/utils" "^14.29.10"

"@ids-core/section@^14.29.10":
  version "14.29.10"
  resolved "https://pkgs.dev.azure.com/if-it/40e35854-e791-490e-bec8-da33c65c3187/_packaging/if-design-system/npm/registry/@ids-core/section/-/section-14.29.10.tgz#dc52a1381ae7410c48c600604bad5df2e9df69ea"
  integrity sha1-3FKhOBrnQQxIxgBgS61d8unfaeo=
  dependencies:
    "@ids-core/breakpoint" "14.8.6"
    "@ids-core/color" "14.8.6"
    "@ids-core/icons" "14.8.6"
    "@ids-core/utils" "14.8.6"

"@ids-core/typography@^14.29.10":
  version "14.29.10"
  resolved "https://pkgs.dev.azure.com/if-it/40e35854-e791-490e-bec8-da33c65c3187/_packaging/if-design-system/npm/registry/@ids-core/typography/-/typography-14.29.10.tgz#678d07f8cd5d54f6f88307f3a58fe587c06d9284"
  integrity sha1-Z40H+M1dVPb4gwfzpY/lh8BtkoQ=
  dependencies:
    "@ids-core/breakpoint" "^14.29.10"
    "@ids-core/color" "^14.29.10"
    "@ids-core/utils" "^14.29.10"

"@ids-core/utils@14.8.6":
  version "14.8.6"
  resolved "https://pkgs.dev.azure.com/if-it/40e35854-e791-490e-bec8-da33c65c3187/_packaging/if-design-system/npm/registry/@ids-core/utils/-/utils-14.8.6.tgz#4cbf547120b005d52d2ec2e14170814b95ebff10"
  integrity sha1-TL9UcSCwBdUtLsLhQXCBS5Xr/xA=
  dependencies:
    "@ids-core/breakpoint" "14.8.6"
    "@ids-core/color" "14.8.6"

"@ids-core/utils@^14.29.10":
  version "14.29.10"
  resolved "https://pkgs.dev.azure.com/if-it/40e35854-e791-490e-bec8-da33c65c3187/_packaging/if-design-system/npm/registry/@ids-core/utils/-/utils-14.29.10.tgz#7987fcc9a138526703b7b1b7965e6744ec3663e4"
  integrity sha1-eYf8yaE4UmcDt7G3ll5nROw2Y+Q=
  dependencies:
    "@ids-core/breakpoint" "^14.29.10"
    "@ids-core/color" "^14.29.10"
